
Microsoft Visual Studio Solution File, Format Version 12.00
# Visual Studio Version 17
VisualStudioVersion = 17.11.35208.52
MinimumVisualStudioVersion = 10.0.40219.1
Project("{FAE04EC0-301F-11D3-BF4B-00C04F79EFBC}") = "BulkyWeb", "BulkyWeb\BulkyWeb.csproj", "{72084161-E8F9-4642-8C31-EF52A44A6DE9}"
EndProject
Global
	GlobalSection(SolutionConfigurationPlatforms) = preSolution
		Debug|Any CPU = Debug|Any CPU
		Release|Any CPU = Release|Any CPU
	EndGlobalSection
	GlobalSection(ProjectConfigurationPlatforms) = postSolution
		{72084161-E8F9-4642-8C31-EF52A44A6DE9}.Debug|Any CPU.ActiveCfg = Debug|Any CPU
		{72084161-E8F9-4642-8C31-EF52A44A6DE9}.Debug|Any CPU.Build.0 = Debug|Any CPU
		{72084161-E8F9-4642-8C31-EF52A44A6DE9}.Release|Any CPU.ActiveCfg = Release|Any CPU
		{72084161-E8F9-4642-8C31-EF52A44A6DE9}.Release|Any CPU.Build.0 = Release|Any CPU
	EndGlobalSection
	GlobalSection(SolutionProperties) = preSolution
		HideSolutionNode = FALSE
	EndGlobalSection
	GlobalSection(ExtensibilityGlobals) = postSolution
		SolutionGuid = {AA94727B-855A-409D-AA23-A08A3D65EFBF}
	EndGlobalSection
EndGlobal
